
Microsoft Visual Studio Solution File, Format Version 12.00
# Visual Studio 15
VisualStudioVersion = 15.0.26730.15
MinimumVisualStudioVersion = 10.0.40219.1
Project("{FAE04EC0-301F-11D3-BF4B-00C04F79EFBC}") = "AzureRestAPI", "AzureRestAPI\AzureRestAPI.csproj", "{FDD9DD38-7B54-4921-9C8D-B95A57BC3298}"
EndProject
Project("{FAE04EC0-301F-11D3-BF4B-00C04F79EFBC}") = "SampleTest", "SampleTest\SampleTest.csproj", "{ECDF607F-1ABA-4B13-9C83-7335B7F0DDC0}"
EndProject
Project("{FAE04EC0-301F-11D3-BF4B-00C04F79EFBC}") = "UnitTests", "UnitTests\UnitTests.csproj", "{D985112D-EFC4-4D51-9585-423687802435}"
EndProject
Global
	GlobalSection(SolutionConfigurationPlatforms) = preSolution
		Debug|Any CPU = Debug|Any CPU
		Release|Any CPU = Release|Any CPU
	EndGlobalSection
	GlobalSection(ProjectConfigurationPlatforms) = postSolution
		{FDD9DD38-7B54-4921-9C8D-B95A57BC3298}.Debug|Any CPU.ActiveCfg = Debug|Any CPU
		{FDD9DD38-7B54-4921-9C8D-B95A57BC3298}.Debug|Any CPU.Build.0 = Debug|Any CPU
		{FDD9DD38-7B54-4921-9C8D-B95A57BC3298}.Release|Any CPU.ActiveCfg = Release|Any CPU
		{FDD9DD38-7B54-4921-9C8D-B95A57BC3298}.Release|Any CPU.Build.0 = Release|Any CPU
		{ECDF607F-1ABA-4B13-9C83-7335B7F0DDC0}.Debug|Any CPU.ActiveCfg = Debug|Any CPU
		{ECDF607F-1ABA-4B13-9C83-7335B7F0DDC0}.Debug|Any CPU.Build.0 = Debug|Any CPU
		{ECDF607F-1ABA-4B13-9C83-7335B7F0DDC0}.Release|Any CPU.ActiveCfg = Release|Any CPU
		{ECDF607F-1ABA-4B13-9C83-7335B7F0DDC0}.Release|Any CPU.Build.0 = Release|Any CPU
		{D985112D-EFC4-4D51-9585-423687802435}.Debug|Any CPU.ActiveCfg = Debug|Any CPU
		{D985112D-EFC4-4D51-9585-423687802435}.Debug|Any CPU.Build.0 = Debug|Any CPU
		{D985112D-EFC4-4D51-9585-423687802435}.Release|Any CPU.ActiveCfg = Release|Any CPU
		{D985112D-EFC4-4D51-9585-423687802435}.Release|Any CPU.Build.0 = Release|Any CPU
	EndGlobalSection
	GlobalSection(SolutionProperties) = preSolution
		HideSolutionNode = FALSE
	EndGlobalSection
	GlobalSection(ExtensibilityGlobals) = postSolution
		SolutionGuid = {150E2805-0C06-4314-B825-458F5D3C9001}
	EndGlobalSection
EndGlobal
